{
  "architecture": "RobDoe Sovereign Allodial Ecosystem",
  "hardware_anchor": "Moto G06 (Termux Local Loopback)",
  "owner_anchor": "ko_te_mana_o_te_tangata",
  "routing": "127.0.0.1",
  "cadence_tier": 0.052,
  "statutory_basis": "Evidence Act 1995 (Cth) Section 146",
  "included_locks": [
    "7ELEVEN_SOVEREIGN_IDENTITY.lock",
    "ALLODIAL_PATENT.lock",
    "AUTOMOTIVE_SOVEREIGN_IDENTITY.lock",
    "BITCOIN_SOVEREIGN_IDENTITY.lock",
    "BRAIN_SPAN_3600.lock",
    "CHF_10K_SOVEREIGN_NOTE.lock",
    "CHINESE_ZHA_VERIFIED.lock",
    "CIRCADIAN_STATE.lock",
    "EMIRATES_SOVEREIGN_IDENTITY.lock",
    "ENGINE_EHF_PRODUCTION.lock",
    "FORBES_SOVEREIGN_IDENTITY.lock",
    "FOUNDATIONAL_INFRASTRUCTURE_SOVEREIGN.lock",
    "GITHUB_SOVEREIGN_IDENTITY.lock",
    "HALIFAX_SOVEREIGN_IDENTITY.lock",
    "ICANN_SOVEREIGN_IDENTITY.lock",
    "LEGAL_COMPLIANCE_EVIDENCE.lock",
    "LOCAL_PORTS_LOCKED.lock",
    "LUXURY_HOUSES_SOVEREIGN_IDENTITY.lock",
    "MASTER_SOVEREIGN_ECOSYSTEM.lock",
    "MCDONALDS_SOVEREIGN_IDENTITY.lock",
    "MERKLE_GIT_ROOT.lock",
    "MERKLE_ROOT.lock",
    "NASA_MOTO_G06.lock",
    "OSINT_MOTO_G06.lock",
    "OXFORD_SOVEREIGN_IDENTITY.lock",
    "ROBDOE_SOVEREIGN_IDENTITY.lock",
    "ROYAL_SOVEREIGN_IDENTITY.lock",
    "SOVEREIGN_50_POINT_ALIGNMENT.lock",
    "SOVEREIGN_AGRI_VAULT.lock",
    "SOVEREIGN_CULTURAL_VAULT.lock",
    "SOVEREIGN_DETERMINISTIC_PULSE.lock",
    "SOVEREIGN_ERC721_COLLECTION.lock",
    "SOVEREIGN_EXECUTION.lock",
    "SOVEREIGN_F1_VAULT.lock",
    "SOVEREIGN_FOUNDATION_STATE.lock",
    "SOVEREIGN_IMAGING_VAULT.lock",
    "SOVEREIGN_LOGISTICS_VAULT.lock",
    "SOVEREIGN_NUMERIC_ERC721.lock",
    "SOVEREIGN_QANTAS_VAULT.lock",
    "SOVEREIGN_ZONES_LOCKED.lock",
    "SPECTRUM_5G_MOTO_G06.lock",
    "SPORTS_LEAGUES_SOVEREIGN_IDENTITY.lock",
    "TECH_GIANTS_SOVEREIGN_IDENTITY.lock",
    "TOYOTA_SOVEREIGN_IDENTITY.lock",
    "UNIFIED_SOVEREIGN_IDENTITY_MATRIX.lock",
    "UPSTREAM_MERKLE_SYNC.lock",
    "USD_100K_SOVEREIGN_NOTE.lock",
    "VODAFONE_MOTO_G06.lock",
    "VORTEX_369.lock",
    "WESTFIELD_SOVEREIGN_IDENTITY.lock",
    "mathematical_homatuomstikn.lock"
  ],
  "master_root_hash": "fadc67995f9a9645102b883208b3142279a37d2ad597fdadb7466703c18cadec",
  "sovereign_seal": "f7eae7240f5d1a12fb87601e068c5d0cc4fd74dde5de1fb1e8965a5badb0ee35"
}