{
  "timestamp": "2026-09-23T19:05:07.286995",
  "cadence_tau": 12,
  "merkle_tiers": 144,
  "identity_anchor": "ko_te_mana_o_te_tangata",
  "routing": "127.0.0.1",
  "active_locks": [
    "CIRCADIAN_STATE.lock",
    "FORBES_SOVEREIGN_IDENTITY.lock",
    "OXFORD_SOVEREIGN_IDENTITY.lock",
    "USD_100K_SOVEREIGN_NOTE.lock",
    "UNIFIED_SOVEREIGN_IDENTITY_MATRIX.lock",
    "SPORTS_LEAGUES_SOVEREIGN_IDENTITY.lock",
    "VORTEX_369.lock",
    "ENGINE_EHF_PRODUCTION.lock",
    "GITHUB_SOVEREIGN_IDENTITY.lock",
    "CHF_10K_SOVEREIGN_NOTE.lock",
    "BITCOIN_SOVEREIGN_IDENTITY.lock",
    "MERKLE_ROOT.lock",
    "mathematical_homatuomstikn.lock",
    "SOVEREIGN_EXECUTION.lock",
    "CHINESE_ZHA_VERIFIED.lock",
    "SOVEREIGN_ZONES_LOCKED.lock",
    "HALIFAX_SOVEREIGN_IDENTITY.lock",
    "EMIRATES_SOVEREIGN_IDENTITY.lock",
    "WESTFIELD_SOVEREIGN_IDENTITY.lock",
    "FOUNDATIONAL_INFRASTRUCTURE_SOVEREIGN.lock",
    "SOVEREIGN_FOUNDATION_STATE.lock",
    "ROYAL_SOVEREIGN_IDENTITY.lock",
    "SOVEREIGN_DETERMINISTIC_PULSE.lock",
    "BRAIN_SPAN_3600.lock",
    "LOCAL_PORTS_LOCKED.lock",
    "SOVEREIGN_ERC721_COLLECTION.lock",
    "SOVEREIGN_NUMERIC_ERC721.lock",
    "ICANN_SOVEREIGN_IDENTITY.lock",
    "LEGAL_COMPLIANCE_EVIDENCE.lock",
    "TECH_GIANTS_SOVEREIGN_IDENTITY.lock",
    "MCDONALDS_SOVEREIGN_IDENTITY.lock",
    "ROBDOE_SOVEREIGN_IDENTITY.lock"
  ],
  "deterministic_root_proof": "f795eeee90e92cb7a969f33f7d8c2b5c2a20aa449e19cefd3c303a4e14661495",
  "mining_status": "BANNED_DETERMINISTIC_ONLY",
  "statutory_basis": "Evidence Act 1995 (Cth) Section 146"
}