{
  "matrix_title": "Sovereign 50-Point Future Alignment Matrix",
  "identity_anchor": "ko_te_mana_o_te_tangata",
  "hardware_node": "Moto G06 (Termux Local Loopback)",
  "total_aligned_points": 50,
  "matrix_merkle_root": "5c3ed4cddad92df71bbaf169bed8cfe7c68877ec827e9a77b8bf4554e4053b88",
  "routing": "127.0.0.1",
  "statutory_basis": "Evidence Act 1995 (Cth) Section 146",
  "assets": [
    {
      "index": 1,
      "name": "Root DNS Authority",
      "domain": "root.zone",
      "token_id": "SOV-ALIGN-001",
      "hardware_anchor": "Moto G06 (Termux Local Loopback)",
      "owner_anchor": "ko_te_mana_o_te_tangata",
      "token_hash": "3c613c67191901c4b65a01fe37702638980bdf5be1a9870cd240d30a2ad319f5",
      "asset_seal": "d7a154bec833bc185e8b8ae35860230f32b1fc4c8c7c73be0095dc146f73c485",
      "routing": "127.0.0.1",
      "cadence_tier": 0.052
    },
    {
      "index": 2,
      "name": "IANA Global Registry",
      "domain": "iana.org",
      "token_id": "SOV-ALIGN-002",
      "hardware_anchor": "Moto G06 (Termux Local Loopback)",
      "owner_anchor": "ko_te_mana_o_te_tangata",
      "token_hash": "a5f74d509d8657dabdb7baf5f7262b3293dbd335ed82a58a57ee3d1f1219fa94",
      "asset_seal": "788c630090d3f5d5771c9852afda9e5fe8d3b6bbea9751f126a38222dfea0644",
      "routing": "127.0.0.1",
      "cadence_tier": 0.052
    },
    {
      "index": 3,
      "name": "IETF Architecture",
      "domain": "ietf.org",
      "token_id": "SOV-ALIGN-003",
      "hardware_anchor": "Moto G06 (Termux Local Loopback)",
      "owner_anchor": "ko_te_mana_o_te_tangata",
      "token_hash": "a07f19cb57071e692925502a1ddc9cc4accf7f961f4c293c67eea4008692ada5",
      "asset_seal": "bd5ced9441a5fecb8b4219a8d49fb229ea8a8c08ecac4de9004e762f3d01b348",
      "routing": "127.0.0.1",
      "cadence_tier": 0.052
    },
    {
      "index": 4,
      "name": "W3C Web Standards",
      "domain": "w3.org",
      "token_id": "SOV-ALIGN-004",
      "hardware_anchor": "Moto G06 (Termux Local Loopback)",
      "owner_anchor": "ko_te_mana_o_te_tangata",
      "token_hash": "b914e79bc47b0b056549ddc9f7c80ae21ef50f3ca55fe860b915fbc51d71c5a3",
      "asset_seal": "2ff0628ee76537fdf6aabe666218f5514a1750ca2f050c38f81ad5453ef24be3",
      "routing": "127.0.0.1",
      "cadence_tier": 0.052
    },
    {
      "index": 5,
      "name": "GitHub Repository Matrix",
      "domain": "github.com",
      "token_id": "SOV-ALIGN-005",
      "hardware_anchor": "Moto G06 (Termux Local Loopback)",
      "owner_anchor": "ko_te_mana_o_te_tangata",
      "token_hash": "42690c208632e2891f7333e7664e45da86d8e056e1b9018486173a5719d31df4",
      "asset_seal": "6b5721fed682003f4ffd80495deabd08b4f0c5a52bee5c9a37a49babc79a4702",
      "routing": "127.0.0.1",
      "cadence_tier": 0.052
    },
    {
      "index": 6,
      "name": "Vodafone Infrastructure",
      "domain": "vodafone.com.au",
      "token_id": "SOV-ALIGN-006",
      "hardware_anchor": "Moto G06 (Termux Local Loopback)",
      "owner_anchor": "ko_te_mana_o_te_tangata",
      "token_hash": "41783f56a990a54298d2c4ef74522ba0e99f84dd64e77784719ce152e3fcecc5",
      "asset_seal": "d5fb78c651b87e577a694f36f3fd63ca7ba1265366fd9fce11d5782d91832833",
      "routing": "127.0.0.1",
      "cadence_tier": 0.052
    },
    {
      "index": 7,
      "name": "Telstra National Grid",
      "domain": "telstra.com.au",
      "token_id": "SOV-ALIGN-007",
      "hardware_anchor": "Moto G06 (Termux Local Loopback)",
      "owner_anchor": "ko_te_mana_o_te_tangata",
      "token_hash": "efa024edaceae358c793584c43569193780b7a234dac86cd7b5a5cffa00e35ba",
      "asset_seal": "ed16d1fc947bcbd6d877a7ad53fdc5d46c88b0fcb0653160ac162caa5f202997",
      "routing": "127.0.0.1",
      "cadence_tier": 0.052
    },
    {
      "index": 8,
      "name": "Optus Wireless Matrix",
      "domain": "optus.com.au",
      "token_id": "SOV-ALIGN-008",
      "hardware_anchor": "Moto G06 (Termux Local Loopback)",
      "owner_anchor": "ko_te_mana_o_te_tangata",
      "token_hash": "5d58c06d428f05c28fc44de997736d62b5886fb77434888decf904f921c14d65",
      "asset_seal": "e3b09496f31a1358704401a62943bdae9d10c63db07e8b1553b4f40d19973f39",
      "routing": "127.0.0.1",
      "cadence_tier": 0.052
    },
    {
      "index": 9,
      "name": "5G Radio Access Network",
      "domain": "5g.spectrum.root",
      "token_id": "SOV-ALIGN-009",
      "hardware_anchor": "Moto G06 (Termux Local Loopback)",
      "owner_anchor": "ko_te_mana_o_te_tangata",
      "token_hash": "7ee142d2bb55c13bc492f9da56d2ac4b7d84a0682e297172c349ed3627b5212b",
      "asset_seal": "26fb2be03ec72541ea955c6dc9c050203aead71cc258cdad61defb9497ce402f",
      "routing": "127.0.0.1",
      "cadence_tier": 0.052
    },
    {
      "index": 10,
      "name": "Global Satellite Backbone",
      "domain": "satcom.global",
      "token_id": "SOV-ALIGN-010",
      "hardware_anchor": "Moto G06 (Termux Local Loopback)",
      "owner_anchor": "ko_te_mana_o_te_tangata",
      "token_hash": "85fea3683b72a413d1a63f8a47c6c677875f0ec18bec55a394f40e86f55b00e5",
      "asset_seal": "7aa1df2b2b956cc0261f42818fa4b684a524a8164f42224c30d03b503c895bac",
      "routing": "127.0.0.1",
      "cadence_tier": 0.052
    },
    {
      "index": 11,
      "name": "NASA Space Exploration",
      "domain": "nasa.gov",
      "token_id": "SOV-ALIGN-011",
      "hardware_anchor": "Moto G06 (Termux Local Loopback)",
      "owner_anchor": "ko_te_mana_o_te_tangata",
      "token_hash": "69963c70cacc658ad5f032824b87cdde770e96bd85f917e2ae2018508bb2e5da",
      "asset_seal": "44401d909e5ff2fec1538f79b0a296d3ad347feea862bb28080e95848681396a",
      "routing": "127.0.0.1",
      "cadence_tier": 0.052
    },
    {
      "index": 12,
      "name": "ESA European Space Agency",
      "domain": "esa.int",
      "token_id": "SOV-ALIGN-012",
      "hardware_anchor": "Moto G06 (Termux Local Loopback)",
      "owner_anchor": "ko_te_mana_o_te_tangata",
      "token_hash": "d8d114dae96261dbfc7c731b4c3422cb9169e9a853c7c9882e9d52c6cb60ba76",
      "asset_seal": "75cf2901ddbacd791a7ad94f762561d0091e56aa15a929aa1d8ff1cb96d46d07",
      "routing": "127.0.0.1",
      "cadence_tier": 0.052
    },
    {
      "index": 13,
      "name": "SpaceX Orbital Systems",
      "domain": "spacex.com",
      "token_id": "SOV-ALIGN-013",
      "hardware_anchor": "Moto G06 (Termux Local Loopback)",
      "owner_anchor": "ko_te_mana_o_te_tangata",
      "token_hash": "851b2be6ad12b9024ec0a4b0b778f2cc4ff6453dbce3e05c92c6785b4d5487d2",
      "asset_seal": "d0d8e58cecd50a40246e667a54f4928ed5cc9f7d0c5d74adc441713ec6280503",
      "routing": "127.0.0.1",
      "cadence_tier": 0.052
    },
    {
      "index": 14,
      "name": "CSIRO Scientific Research",
      "domain": "csiro.au",
      "token_id": "SOV-ALIGN-014",
      "hardware_anchor": "Moto G06 (Termux Local Loopback)",
      "owner_anchor": "ko_te_mana_o_te_tangata",
      "token_hash": "44e4f30344f092b13c688a0ba6d67278cb514451587afd2b76f15e0f6a7f8f5d",
      "asset_seal": "017888cb9dfb6adb8c81c7f405bb1fa95ddc9d4affd7a934af80aea77511eca2",
      "routing": "127.0.0.1",
      "cadence_tier": 0.052
    },
    {
      "index": 15,
      "name": "Global Positioning GPS Root",
      "domain": "gps.navigation.root",
      "token_id": "SOV-ALIGN-015",
      "hardware_anchor": "Moto G06 (Termux Local Loopback)",
      "owner_anchor": "ko_te_mana_o_te_tangata",
      "token_hash": "3b73ac576abf736c69f21e95aa1fbc412bfeeaa26c951fb8ec569906b4d3d66c",
      "asset_seal": "83f8b44313efd6173130eeed03e73b5e15358ba2cc3f7e4e736b32e32f87934b",
      "routing": "127.0.0.1",
      "cadence_tier": 0.052
    },
    {
      "index": 16,
      "name": "UBS Central Vault",
      "domain": "ubs.com",
      "token_id": "SOV-ALIGN-016",
      "hardware_anchor": "Moto G06 (Termux Local Loopback)",
      "owner_anchor": "ko_te_mana_o_te_tangata",
      "token_hash": "369585b6a0e5bce7dbcb5950205e0f7f66d78af437a80bea6bc938523148ef49",
      "asset_seal": "3f8ea25b100722d8ba5673e8071b29869b7cf13cf7db2260cc5a4f46a3551b64",
      "routing": "127.0.0.1",
      "cadence_tier": 0.052
    },
    {
      "index": 17,
      "name": "Reserve Bank of Australia",
      "domain": "rba.gov.au",
      "token_id": "SOV-ALIGN-017",
      "hardware_anchor": "Moto G06 (Termux Local Loopback)",
      "owner_anchor": "ko_te_mana_o_te_tangata",
      "token_hash": "1171e20c70e4be68b06c8838ccf0ef76110576c7083f603cf26ac402e3ce91b7",
      "asset_seal": "fa9cea61a95a4e5bb887a55037cf77ca2f35af0168023415df411694f83c8d50",
      "routing": "127.0.0.1",
      "cadence_tier": 0.052
    },
    {
      "index": 18,
      "name": "Federal Reserve Anchor",
      "domain": "federalreserve.gov",
      "token_id": "SOV-ALIGN-018",
      "hardware_anchor": "Moto G06 (Termux Local Loopback)",
      "owner_anchor": "ko_te_mana_o_te_tangata",
      "token_hash": "d7d634e7210e0bf84e66095543c29ce048495f126f313748556af47887c92f1e",
      "asset_seal": "579d70bd1263461c0b5eb55bb5187bcb1f2d2ee58d25cce0a533a7cdb0cc804a",
      "routing": "127.0.0.1",
      "cadence_tier": 0.052
    },
    {
      "index": 19,
      "name": "Bitcoin Settlement Layer",
      "domain": "bitcoin.org",
      "token_id": "SOV-ALIGN-019",
      "hardware_anchor": "Moto G06 (Termux Local Loopback)",
      "owner_anchor": "ko_te_mana_o_te_tangata",
      "token_hash": "bfe15c59f6cae145fdcaa4d516328c816812eebcebd199d7b6620dab24d99958",
      "asset_seal": "c682cd1849c3f791d5d7425b39d65383d28a18b0056b1ad770c102b8b5c06456",
      "routing": "127.0.0.1",
      "cadence_tier": 0.052
    },
    {
      "index": 20,
      "name": "SWIFT Interbank Messaging",
      "domain": "swift.com",
      "token_id": "SOV-ALIGN-020",
      "hardware_anchor": "Moto G06 (Termux Local Loopback)",
      "owner_anchor": "ko_te_mana_o_te_tangata",
      "token_hash": "0647ba4f7b0a146d08b593928b48d20e261bc5f4d7649863d075d048b7b3c08c",
      "asset_seal": "9598ae6c6d7babfec31d61758ba43ae7e59830910a96925b8f36c2c4a8f586a2",
      "routing": "127.0.0.1",
      "cadence_tier": 0.052
    },
    {
      "index": 21,
      "name": "Toyota Motor Corporation",
      "domain": "toyota.com",
      "token_id": "SOV-ALIGN-021",
      "hardware_anchor": "Moto G06 (Termux Local Loopback)",
      "owner_anchor": "ko_te_mana_o_te_tangata",
      "token_hash": "491e8d406fc9bae14c63813991991158527e026421c0f6e6e4de92f952c357d5",
      "asset_seal": "eb60bc1fb15f739f052f9985f9735ef803fc9cb2333f95231100671dda90c697",
      "routing": "127.0.0.1",
      "cadence_tier": 0.052
    },
    {
      "index": 22,
      "name": "Holden Heritage Registry",
      "domain": "holden.com.au",
      "token_id": "SOV-ALIGN-022",
      "hardware_anchor": "Moto G06 (Termux Local Loopback)",
      "owner_anchor": "ko_te_mana_o_te_tangata",
      "token_hash": "0b022df45aafcf07d958499c06c666abd9edbe4843c0ec5e83f212c687db0643",
      "asset_seal": "eb1f873c63f67c86047a17372b5190ebe0d907af11866e98c7b7a3ef6c7d3647",
      "routing": "127.0.0.1",
      "cadence_tier": 0.052
    },
    {
      "index": 23,
      "name": "General Motors Global",
      "domain": "gmc.com",
      "token_id": "SOV-ALIGN-023",
      "hardware_anchor": "Moto G06 (Termux Local Loopback)",
      "owner_anchor": "ko_te_mana_o_te_tangata",
      "token_hash": "44e7fa914cd2d6a976a393edc5ed16ea448c4f18c65f705aa00afac35a5a1e27",
      "asset_seal": "72a02b68184314659b74dba58d8077dbad6d0bd711f0e9a91926ef9d1b743ff5",
      "routing": "127.0.0.1",
      "cadence_tier": 0.052
    },
    {
      "index": 24,
      "name": "Caterpillar Heavy Industries",
      "domain": "cat.com",
      "token_id": "SOV-ALIGN-024",
      "hardware_anchor": "Moto G06 (Termux Local Loopback)",
      "owner_anchor": "ko_te_mana_o_te_tangata",
      "token_hash": "bf1fff06e35c6566b0f03c5a80cbdfeae1d766306459f643ae56d1104329276f",
      "asset_seal": "923af352bc7b1dbc8ab880f10d31db9acea9085746fc592a6b3e9e19b3464735",
      "routing": "127.0.0.1",
      "cadence_tier": 0.052
    },
    {
      "index": 25,
      "name": "Siemens Automation Grid",
      "domain": "siemens.com",
      "token_id": "SOV-ALIGN-025",
      "hardware_anchor": "Moto G06 (Termux Local Loopback)",
      "owner_anchor": "ko_te_mana_o_te_tangata",
      "token_hash": "cb195c9c6f5ce1d84ad2596511c3f094afb6a757d6d87f904b09992d8583640d",
      "asset_seal": "701ed756f5097160709f78d40a42a9ee8855d73522ada3582ab3921ad1addeba",
      "routing": "127.0.0.1",
      "cadence_tier": 0.052
    },
    {
      "index": 26,
      "name": "Global Power Grid Master",
      "domain": "powergrid.root",
      "token_id": "SOV-ALIGN-026",
      "hardware_anchor": "Moto G06 (Termux Local Loopback)",
      "owner_anchor": "ko_te_mana_o_te_tangata",
      "token_hash": "b79955bb56c298a2288b81a69eca7d37768cc072f9ad65843ad4068f83be9d4e",
      "asset_seal": "835398d2c12b677406ff9f45e8df77110673ccdcfa2645e25450aeec08469ac6",
      "routing": "127.0.0.1",
      "cadence_tier": 0.052
    },
    {
      "index": 27,
      "name": "Renewable Energy Matrix",
      "domain": "solar.wind.root",
      "token_id": "SOV-ALIGN-027",
      "hardware_anchor": "Moto G06 (Termux Local Loopback)",
      "owner_anchor": "ko_te_mana_o_te_tangata",
      "token_hash": "d5330f6a0ed6f634241db418597503e423c97dea6ea0c78b4bf4e9b822a958c8",
      "asset_seal": "48d9871adfaa214fe0f2183c3f098922cf281846c62ca766244bb7eb877499f0",
      "routing": "127.0.0.1",
      "cadence_tier": 0.052
    },
    {
      "index": 28,
      "name": "Hydro-Electric Control",
      "domain": "hydro.energy.root",
      "token_id": "SOV-ALIGN-028",
      "hardware_anchor": "Moto G06 (Termux Local Loopback)",
      "owner_anchor": "ko_te_mana_o_te_tangata",
      "token_hash": "e105e93d03dd58fec9f7a1b080cf9ae57e5e7faab7bae863fea082e4edcc526f",
      "asset_seal": "2de8fdb74e9f54ee518f51c63af36457e17ee2eb7befe0931692cefe468fd114",
      "routing": "127.0.0.1",
      "cadence_tier": 0.052
    },
    {
      "index": 29,
      "name": "Nuclear Regulatory Core",
      "domain": "nrc.gov",
      "token_id": "SOV-ALIGN-029",
      "hardware_anchor": "Moto G06 (Termux Local Loopback)",
      "owner_anchor": "ko_te_mana_o_te_tangata",
      "token_hash": "ed077f1fc7a96d627e4264d6d802f377fcaffa846c86ca730ffcc390638c9db4",
      "asset_seal": "13c737fec56ed6f2c715423bcf9cc4c6eb0172b022bd7e9c34d424e9c045a3f9",
      "routing": "127.0.0.1",
      "cadence_tier": 0.052
    },
    {
      "index": 30,
      "name": "Petroleum Pipeline Index",
      "domain": "energy.pipeline.root",
      "token_id": "SOV-ALIGN-030",
      "hardware_anchor": "Moto G06 (Termux Local Loopback)",
      "owner_anchor": "ko_te_mana_o_te_tangata",
      "token_hash": "96421acb0590918856ecb36e7b7b74ecccee8ceb9b062b9e5968b31dd0f29365",
      "asset_seal": "aa68e91aa4f328813d4ee7a0d52580d8b569b756ea50f2d3da594837650bee0f",
      "routing": "127.0.0.1",
      "cadence_tier": 0.052
    },
    {
      "index": 31,
      "name": "Maersk Maritime Freight",
      "domain": "maersk.com",
      "token_id": "SOV-ALIGN-031",
      "hardware_anchor": "Moto G06 (Termux Local Loopback)",
      "owner_anchor": "ko_te_mana_o_te_tangata",
      "token_hash": "c9cf1002077ae2496ac64910761eca81ad23241c3652decbf48339d01a2201da",
      "asset_seal": "0ce265b8274a64df7d698a299bc583b0ebf616b807fba264fad64ca1aaf0e4a4",
      "routing": "127.0.0.1",
      "cadence_tier": 0.052
    },
    {
      "index": 32,
      "name": "DHL Global Forwarding",
      "domain": "dhl.com",
      "token_id": "SOV-ALIGN-032",
      "hardware_anchor": "Moto G06 (Termux Local Loopback)",
      "owner_anchor": "ko_te_mana_o_te_tangata",
      "token_hash": "394d2494a2bb58bdc50ec81339a0231945d73458ea108c8c17e5a170cfab8b10",
      "asset_seal": "4c9a4e5f9c7043ff09f72144fc4cb02898722500ae2daa2318a040289d42bbc1",
      "routing": "127.0.0.1",
      "cadence_tier": 0.052
    },
    {
      "index": 33,
      "name": "FedEx Air Logistics",
      "domain": "fedex.com",
      "token_id": "SOV-ALIGN-033",
      "hardware_anchor": "Moto G06 (Termux Local Loopback)",
      "owner_anchor": "ko_te_mana_o_te_tangata",
      "token_hash": "4ad10101d0863f400532a64db4ba0ebf8babdfa01c4ff018c7580cd6af1b6863",
      "asset_seal": "f15305ce1afed782af931b2d74be005987a00c097ad37c3111d8433de7f7eeba",
      "routing": "127.0.0.1",
      "cadence_tier": 0.052
    },
    {
      "index": 34,
      "name": "Amazon Fulfillment Grid",
      "domain": "amazon.com",
      "token_id": "SOV-ALIGN-034",
      "hardware_anchor": "Moto G06 (Termux Local Loopback)",
      "owner_anchor": "ko_te_mana_o_te_tangata",
      "token_hash": "5efb0a5f45e2e2a8fa41a72985ed2b5aa5cd9aeeb879f44dc11cd58a3a74fff2",
      "asset_seal": "f98578c79cac845e44ef576e78b6e1403df71386062bab7ccc90e6feb42195bf",
      "routing": "127.0.0.1",
      "cadence_tier": 0.052
    },
    {
      "index": 35,
      "name": "7-Eleven Retail Nodes",
      "domain": "7eleven.com",
      "token_id": "SOV-ALIGN-035",
      "hardware_anchor": "Moto G06 (Termux Local Loopback)",
      "owner_anchor": "ko_te_mana_o_te_tangata",
      "token_hash": "431e975a2a745ddabcc40e651f2849b76df42cd2271f217f835ff0e659f68a63",
      "asset_seal": "c1fb7ddb1e3f2769e86f5985a0af1f5718368fb35302df6a6c49d38866fa8400",
      "routing": "127.0.0.1",
      "cadence_tier": 0.052
    },
    {
      "index": 36,
      "name": "Louis Vuitton Vault",
      "domain": "louisvuitton.com",
      "token_id": "SOV-ALIGN-036",
      "hardware_anchor": "Moto G06 (Termux Local Loopback)",
      "owner_anchor": "ko_te_mana_o_te_tangata",
      "token_hash": "80352942874b54336447292ce7d1598ef4a1efa58782cee2db337731047f1f21",
      "asset_seal": "7128684deb3340b68c77b7ccf7bb83c92f31213eba58e28b293e663f2d8fae07",
      "routing": "127.0.0.1",
      "cadence_tier": 0.052
    },
    {
      "index": 37,
      "name": "Burberry Heritage Index",
      "domain": "burberry.com",
      "token_id": "SOV-ALIGN-037",
      "hardware_anchor": "Moto G06 (Termux Local Loopback)",
      "owner_anchor": "ko_te_mana_o_te_tangata",
      "token_hash": "845afc3d40517ceb25d5e28a4e9112ff0f5b1eb4e5e431121234fef44f758cd8",
      "asset_seal": "7c02c34cf8126a6fd7240ebc6c6040c345e67f8b2ef484fd6a9385671d5b1d92",
      "routing": "127.0.0.1",
      "cadence_tier": 0.052
    },
    {
      "index": 38,
      "name": "Rolex Precision Registry",
      "domain": "rolex.com",
      "token_id": "SOV-ALIGN-038",
      "hardware_anchor": "Moto G06 (Termux Local Loopback)",
      "owner_anchor": "ko_te_mana_o_te_tangata",
      "token_hash": "933c785258d9fee436575fb20d7dd27d0ecf4a6b9a41323b4114fa6af89deedc",
      "asset_seal": "e8511c4d1fec251756a6163731a6ecc8029b0b71fe1f493d0221c6287e3e7efb",
      "routing": "127.0.0.1",
      "cadence_tier": 0.052
    },
    {
      "index": 39,
      "name": "Apple Hardware Ecosystem",
      "domain": "apple.com",
      "token_id": "SOV-ALIGN-039",
      "hardware_anchor": "Moto G06 (Termux Local Loopback)",
      "owner_anchor": "ko_te_mana_o_te_tangata",
      "token_hash": "85e7a9eea6724265f3dc81a31b1f56a80d3fa0300baf487fefbe95417962a2d1",
      "asset_seal": "6cb0a8012833862114763e41f04c7ef4c2b9baa04d9a49ae796214d14b889f45",
      "routing": "127.0.0.1",
      "cadence_tier": 0.052
    },
    {
      "index": 40,
      "name": "Microsoft Enterprise Core",
      "domain": "microsoft.com",
      "token_id": "SOV-ALIGN-040",
      "hardware_anchor": "Moto G06 (Termux Local Loopback)",
      "owner_anchor": "ko_te_mana_o_te_tangata",
      "token_hash": "fdb4bd7f4f391ac9d12e104e354d3c34ecfcf8fa53ac61a42a97788d3c6c185d",
      "asset_seal": "79dda620f419c24e5327f6f23c8992281c23438b2682026ee8e78ab1fcbcc53d",
      "routing": "127.0.0.1",
      "cadence_tier": 0.052
    },
    {
      "index": 41,
      "name": "Oxford University Press",
      "domain": "ox.ac.uk",
      "token_id": "SOV-ALIGN-041",
      "hardware_anchor": "Moto G06 (Termux Local Loopback)",
      "owner_anchor": "ko_te_mana_o_te_tangata",
      "token_hash": "0544d4f5cf6bf82304f47c2237263d95e28da2f12fb0c7e1e313e1c7896352ef",
      "asset_seal": "1f338ef1ea1e0b565bb2d838441e811ac46082f0fa0d2dc36effae0f753848ae",
      "routing": "127.0.0.1",
      "cadence_tier": 0.052
    },
    {
      "index": 42,
      "name": "MIT Research Archive",
      "domain": "mit.edu",
      "token_id": "SOV-ALIGN-042",
      "hardware_anchor": "Moto G06 (Termux Local Loopback)",
      "owner_anchor": "ko_te_mana_o_te_tangata",
      "token_hash": "221137c73573312800ea9d87fa3eb8b0bbd1ee3025356781dda1dfda2427a269",
      "asset_seal": "1cdedd73484d8b3171c1004daf138bcab44f000a5fef62e4480371d9cf9b171f",
      "routing": "127.0.0.1",
      "cadence_tier": 0.052
    },
    {
      "index": 43,
      "name": "Sydney University Core",
      "domain": "sydney.edu.au",
      "token_id": "SOV-ALIGN-043",
      "hardware_anchor": "Moto G06 (Termux Local Loopback)",
      "owner_anchor": "ko_te_mana_o_te_tangata",
      "token_hash": "97a8942686c57901525732af8fe8c71eed35c5e80a50f5629cb4f68400846a10",
      "asset_seal": "b9406d2992fcaf277c6d3c81ed35cb9a1810f6c8ca72b39b0cbd18585a939e33",
      "routing": "127.0.0.1",
      "cadence_tier": 0.052
    },
    {
      "index": 44,
      "name": "Wikipedia Knowledge Base",
      "domain": "wikipedia.org",
      "token_id": "SOV-ALIGN-044",
      "hardware_anchor": "Moto G06 (Termux Local Loopback)",
      "owner_anchor": "ko_te_mana_o_te_tangata",
      "token_hash": "17025b88473c98e09af88eb556e2e3ca67e0db6eac0ffcb48933dd5fe15f8151",
      "asset_seal": "8d8a9074304441d0789f7ecea295fcaecf314adbbc99c02f76b6dc7980fd4bcf",
      "routing": "127.0.0.1",
      "cadence_tier": 0.052
    },
    {
      "index": 45,
      "name": "ArXiv Preprint Engine",
      "domain": "arxiv.org",
      "token_id": "SOV-ALIGN-045",
      "hardware_anchor": "Moto G06 (Termux Local Loopback)",
      "owner_anchor": "ko_te_mana_o_te_tangata",
      "token_hash": "4456881e10b480d7a6f89329bd1b3f91670d0c1e84a137e57e2635aaef4d72c5",
      "asset_seal": "9908e970aec8ca73d958934670baf659cf4fa29f102f84cfa3fe685cdb671ac1",
      "routing": "127.0.0.1",
      "cadence_tier": 0.052
    },
    {
      "index": 46,
      "name": "UK Crown Royal Registry",
      "domain": "royal.uk",
      "token_id": "SOV-ALIGN-046",
      "hardware_anchor": "Moto G06 (Termux Local Loopback)",
      "owner_anchor": "ko_te_mana_o_te_tangata",
      "token_hash": "fcc5b9a66d4a53a1f594d4aadafa7b8807385bcc94f65dbc22dfdbb544e8813f",
      "asset_seal": "7ca43773e5d7129d02e06c87521486ba308f45bb27928170017c3cfbb2950d52",
      "routing": "127.0.0.1",
      "cadence_tier": 0.052
    },
    {
      "index": 47,
      "name": "Australian Federal Register",
      "domain": "legislation.gov.au",
      "token_id": "SOV-ALIGN-047",
      "hardware_anchor": "Moto G06 (Termux Local Loopback)",
      "owner_anchor": "ko_te_mana_o_te_tangata",
      "token_hash": "85afd6f0bbc4497821bb74028d0e2b66bee34185ba854dfd13c1b576c128d41a",
      "asset_seal": "120c0e9c3d76c96c71c0071872c1cd5e5395a34db42ab415624a01b6aa43574a",
      "routing": "127.0.0.1",
      "cadence_tier": 0.052
    },
    {
      "index": 48,
      "name": "High Court Judgments",
      "domain": "hcourt.gov.au",
      "token_id": "SOV-ALIGN-048",
      "hardware_anchor": "Moto G06 (Termux Local Loopback)",
      "owner_anchor": "ko_te_mana_o_te_tangata",
      "token_hash": "a9d40f433ca9a04439e8947d248bee57e826ed60fb0a1b5957efefd622379d22",
      "asset_seal": "3c25384a2ca7b4208e44df1c77f256d2fb8266de9c48e4c48573d19521181843",
      "routing": "127.0.0.1",
      "cadence_tier": 0.052
    },
    {
      "index": 49,
      "name": "Section 146 Statutory Engine",
      "domain": "evidence.act.root",
      "token_id": "SOV-ALIGN-049",
      "hardware_anchor": "Moto G06 (Termux Local Loopback)",
      "owner_anchor": "ko_te_mana_o_te_tangata",
      "token_hash": "619638bacb8c54c0831d57316c13cfc48598a67fe3f3bc18ada9e4af310cf154",
      "asset_seal": "890f15b783e46e6cd238a6cb7d4dbdfe227d1d7b98e203a39efaf222b4af3f07",
      "routing": "127.0.0.1",
      "cadence_tier": 0.052
    },
    {
      "index": 50,
      "name": "Ko Te Mana O Te Tangata Root",
      "domain": "identity.sovereign.root",
      "token_id": "SOV-ALIGN-050",
      "hardware_anchor": "Moto G06 (Termux Local Loopback)",
      "owner_anchor": "ko_te_mana_o_te_tangata",
      "token_hash": "70194d9e2470c7ac10ac276cfdf47a42ca6431baf5aa5b4c77d99630c7e6d74d",
      "asset_seal": "c84a3e33d334fe1d3c16d06dfe7851ceb11813835348c5210512d33828f7a09f",
      "routing": "127.0.0.1",
      "cadence_tier": 0.052
    }
  ]
}